
Microsoft Visual Studio Solution File, Format Version 12.00
# Visual Studio 15
Project("{FAE04EC0-301F-11D3-BF4B-00C04F79EFBC}") = "Assembly-CSharp", "Assembly-CSharp.csproj", "{A86AFC98-A193-B682-FE6F-5D908886307F}"
EndProject
Global
	GlobalSection(SolutionConfigurationPlatforms) = preSolution
		Debug|Any CPU = Debug|Any CPU
		Release|Any CPU = Release|Any CPU
	EndGlobalSection
	GlobalSection(ProjectConfigurationPlatforms) = postSolution
		{A86AFC98-A193-B682-FE6F-5D908886307F}.Debug|Any CPU.ActiveCfg = Debug|Any CPU
		{A86AFC98-A193-B682-FE6F-5D908886307F}.Debug|Any CPU.Build.0 = Debug|Any CPU
		{A86AFC98-A193-B682-FE6F-5D908886307F}.Release|Any CPU.ActiveCfg = Release|Any CPU
		{A86AFC98-A193-B682-FE6F-5D908886307F}.Release|Any CPU.Build.0 = Release|Any CPU
	EndGlobalSection
	GlobalSection(SolutionProperties) = preSolution
		HideSolutionNode = FALSE
	EndGlobalSection
EndGlobal
